// !$*UTF8*$!
{
	archiveVersion = 1;
	classes = {
	};
	objectVersion = 46;
	objects = {

/* Begin PBXBuildFile section */
		768054CE1DA44DB10009B056 /* Alamofire.framework in Frameworks */ = {isa = PBXBuildFile; fileRef = 768054CD1DA44DB10009B056 /* Alamofire.framework */; };
		C9F9012E1DA443DC00C4D37D /* AppDelegate.swift in Sources */ = {isa = PBXBuildFile; fileRef = C9F9012D1DA443DC00C4D37D /* AppDelegate.swift */; };
		C9F901301DA443DC00C4D37D /* ViewController.swift in Sources */ = {isa = PBXBuildFile; fileRef = C9F9012F1DA443DC00C4D37D /* ViewController.swift */; };
		C9F901331DA443DC00C4D37D /* Main.storyboard in Resources */ = {isa = PBXBuildFile; fileRef = C9F901311DA443DC00C4D37D /* Main.storyboard */; };
		C9F901361DA443DC00C4D37D /* ASE_Demo_iOS.xcdatamodeld in Sources */ = {isa = PBXBuildFile; fileRef = C9F901341DA443DC00C4D37D /* ASE_Demo_iOS.xcdatamodeld */; };
		C9F901381DA443DC00C4D37D /* Assets.xcassets in Resources */ = {isa = PBXBuildFile; fileRef = C9F901371DA443DC00C4D37D /* Assets.xcassets */; };
		C9F9013B1DA443DC00C4D37D /* LaunchScreen.storyboard in Resources */ = {isa = PBXBuildFile; fileRef = C9F901391DA443DC00C4D37D /* LaunchScreen.storyboard */; };
		C9F901461DA443DC00C4D37D /* ASE_Demo_iOSTests.swift in Sources */ = {isa = PBXBuildFile; fileRef = C9F901451DA443DC00C4D37D /* ASE_Demo_iOSTests.swift */; };
		C9F901511DA443DC00C4D37D /* ASE_Demo_iOSUITests.swift in Sources */ = {isa = PBXBuildFile; fileRef = C9F901501DA443DC00C4D37D /* ASE_Demo_iOSUITests.swift */; };
/* End PBXBuildFile section */

/* Begin PBXContainerItemProxy section */
		C9F901421DA443DC00C4D37D /* PBXContainerItemProxy */ = {
			isa = PBXContainerItemProxy;
			containerPortal = C9F901221DA443DC00C4D37D /* Project object */;
			proxyType = 1;
			remoteGlobalIDString = C9F901291DA443DC00C4D37D;
			remoteInfo = "ASE Demo iOS";
		};
		C9F9014D1DA443DC00C4D37D /* PBXContainerItemProxy */ = {
			isa = PBXContainerItemProxy;
			containerPortal = C9F901221DA443DC00C4D37D /* Project object */;
			proxyType = 1;
			remoteGlobalIDString = C9F901291DA443DC00C4D37D;
			remoteInfo = "ASE Demo iOS";
		};
/* End PBXContainerItemProxy section */

/* Begin PBXFileReference section */
		768054CD1DA44DB10009B056 /* Alamofire.framework */ = {isa = PBXFileReference; lastKnownFileType = wrapper.framework; name = Alamofire.framework; path = Carthage/Build/iOS/Alamofire.framework; sourceTree = "<group>"; };
		C9F9012A1DA443DC00C4D37D /* ASE Demo iOS.app */ = {isa = PBXFileReference; explicitFileType = wrapper.application; includeInIndex = 0; path = "ASE Demo iOS.app"; sourceTree = BUILT_PRODUCTS_DIR; };
		C9F9012D1DA443DC00C4D37D /* AppDelegate.swift */ = {isa = PBXFileReference; lastKnownFileType = sourcecode.swift; path = AppDelegate.swift; sourceTree = "<group>"; };
		C9F9012F1DA443DC00C4D37D /* ViewController.swift */ = {isa = PBXFileReference; lastKnownFileType = sourcecode.swift; path = ViewController.swift; sourceTree = "<group>"; };
		C9F901321DA443DC00C4D37D /* Base */ = {isa = PBXFileReference; lastKnownFileType = file.storyboard; name = Base; path = Base.lproj/Main.storyboard; sourceTree = "<group>"; };
		C9F901351DA443DC00C4D37D /* ASE_Demo_iOS.xcdatamodel */ = {isa = PBXFileReference; lastKnownFileType = wrapper.xcdatamodel; path = ASE_Demo_iOS.xcdatamodel; sourceTree = "<group>"; };
		C9F901371DA443DC00C4D37D /* Assets.xcassets */ = {isa = PBXFileReference; lastKnownFileType = folder.assetcatalog; path = Assets.xcassets; sourceTree = "<group>"; };
		C9F9013A1DA443DC00C4D37D /* Base */ = {isa = PBXFileReference; lastKnownFileType = file.storyboard; name = Base; path = Base.lproj/LaunchScreen.storyboard; sourceTree = "<group>"; };
		C9F9013C1DA443DC00C4D37D /* Info.plist */ = {isa = PBXFileReference; lastKnownFileType = text.plist.xml; path = Info.plist; sourceTree = "<group>"; };
		C9F901411DA443DC00C4D37D /* ASE Demo iOSTests.xctest */ = {isa = PBXFileReference; explicitFileType = wrapper.cfbundle; includeInIndex = 0; path = "ASE Demo iOSTests.xctest"; sourceTree = BUILT_PRODUCTS_DIR; };
		C9F901451DA443DC00C4D37D /* ASE_Demo_iOSTests.swift */ = {isa = PBXFileReference; lastKnownFileType = sourcecode.swift; path = ASE_Demo_iOSTests.swift; sourceTree = "<group>"; };
		C9F901471DA443DC00C4D37D /* Info.plist */ = {isa = PBXFileReference; lastKnownFileType = text.plist.xml; path = Info.plist; sourceTree = "<group>"; };
		C9F9014C1DA443DC00C4D37D /* ASE Demo iOSUITests.xctest */ = {isa = PBXFileReference; explicitFileType = wrapper.cfbundle; includeInIndex = 0; path = "ASE Demo iOSUITests.xctest"; sourceTree = BUILT_PRODUCTS_DIR; };
		C9F901501DA443DC00C4D37D /* ASE_Demo_iOSUITests.swift */ = {isa = PBXFileReference; lastKnownFileType = sourcecode.swift; path = ASE_Demo_iOSUITests.swift; sourceTree = "<group>"; };
		C9F901521DA443DC00C4D37D /* Info.plist */ = {isa = PBXFileReference; lastKnownFileType = text.plist.xml; path = Info.plist; sourceTree = "<group>"; };
/* End PBXFileReference section */

/* Begin PBXFrameworksBuildPhase section */
		C9F901271DA443DC00C4D37D /* Frameworks */ = {
			isa = PBXFrameworksBuildPhase;
			buildActionMask = 2147483647;
			files = (
				768054CE1DA44DB10009B056 /* Alamofire.framework in Frameworks */,
			);
			runOnlyForDeploymentPostprocessing = 0;
		};
		C9F9013E1DA443DC00C4D37D /* Frameworks */ = {
			isa = PBXFrameworksBuildPhase;
			buildActionMask = 2147483647;
			files = (
			);
			runOnlyForDeploymentPostprocessing = 0;
		};
		C9F901491DA443DC00C4D37D /* Frameworks */ = {
			isa = PBXFrameworksBuildPhase;
			buildActionMask = 2147483647;
			files = (
			);
			runOnlyForDeploymentPostprocessing = 0;
		};
/* End PBXFrameworksBuildPhase section */

/* Begin PBXGroup section */
		768054CC1DA44D9D0009B056 /* Frameworks */ = {
			isa = PBXGroup;
			children = (
				768054CD1DA44DB10009B056 /* Alamofire.framework */,
			);
			name = Frameworks;
			sourceTree = "<group>";
		};
		C9F901211DA443DC00C4D37D = {
			isa = PBXGroup;
			children = (
				768054CC1DA44D9D0009B056 /* Frameworks */,
				C9F9012C1DA443DC00C4D37D /* ASE Demo iOS */,
				C9F901441DA443DC00C4D37D /* ASE Demo iOSTests */,
				C9F9014F1DA443DC00C4D37D /* ASE Demo iOSUITests */,
				C9F9012B1DA443DC00C4D37D /* Products */,
			);
			sourceTree = "<group>";
		};
		C9F9012B1DA443DC00C4D37D /* Products */ = {
			isa = PBXGroup;
			children = (
				C9F9012A1DA443DC00C4D37D /* ASE Demo iOS.app */,
				C9F901411DA443DC00C4D37D /* ASE Demo iOSTests.xctest */,
				C9F9014C1DA443DC00C4D37D /* ASE Demo iOSUITests.xctest */,
			);
			name = Products;
			sourceTree = "<group>";
		};
		C9F9012C1DA443DC00C4D37D /* ASE Demo iOS */ = {
			isa = PBXGroup;
			children = (
				C9F9012D1DA443DC00C4D37D /* AppDelegate.swift */,
				C9F9012F1DA443DC00C4D37D /* ViewController.swift */,
				C9F901311DA443DC00C4D37D /* Main.storyboard */,
				C9F901371DA443DC00C4D37D /* Assets.xcassets */,
				C9F901391DA443DC00C4D37D /* LaunchScreen.storyboard */,
				C9F9013C1DA443DC00C4D37D /* Info.plist */,
				C9F901341DA443DC00C4D37D /* ASE_Demo_iOS.xcdatamodeld */,
			);
			path = "ASE Demo iOS";
			sourceTree = "<group>";
		};
		C9F901441DA443DC00C4D37D /* ASE Demo iOSTests */ = {
			isa = PBXGroup;
			children = (
				C9F901451DA443DC00C4D37D /* ASE_Demo_iOSTests.swift */,
				C9F901471DA443DC00C4D37D /* Info.plist */,
			);
			path = "ASE Demo iOSTests";
			sourceTree = "<group>";
		};
		C9F9014F1DA443DC00C4D37D /* ASE Demo iOSUITests */ = {
			isa = PBXGroup;
			children = (
				C9F901501DA443DC00C4D37D /* ASE_Demo_iOSUITests.swift */,
				C9F901521DA443DC00C4D37D /* Info.plist */,
			);
			path = "ASE Demo iOSUITests";
			sourceTree = "<group>";
		};
/* End PBXGroup section */

/* Begin PBXNativeTarget section */
		C9F901291DA443DC00C4D37D /* ASE Demo iOS */ = {
			isa = PBXNativeTarget;
			buildConfigurationList = C9F901551DA443DC00C4D37D /* Build configuration list for PBXNativeTarget "ASE Demo iOS" */;
			buildPhases = (
				C9F901261DA443DC00C4D37D /* Sources */,
				C9F901271DA443DC00C4D37D /* Frameworks */,
				C9F901281DA443DC00C4D37D /* Resources */,
			);
			buildRules = (
			);
			dependencies = (
			);
			name = "ASE Demo iOS";
			productName = "ASE Demo iOS";
			productReference = C9F9012A1DA443DC00C4D37D /* ASE Demo iOS.app */;
			productType = "com.apple.product-type.application";
		};
		C9F901401DA443DC00C4D37D /* ASE Demo iOSTests */ = {
			isa = PBXNativeTarget;
			buildConfigurationList = C9F901581DA443DC00C4D37D /* Build configuration list for PBXNativeTarget "ASE Demo iOSTests" */;
			buildPhases = (
				C9F9013D1DA443DC00C4D37D /* Sources */,
				C9F9013E1DA443DC00C4D37D /* Frameworks */,
				C9F9013F1DA443DC00C4D37D /* Resources */,
			);
			buildRules = (
			);
			dependencies = (
				C9F901431DA443DC00C4D37D /* PBXTargetDependency */,
			);
			name = "ASE Demo iOSTests";
			productName = "ASE Demo iOSTests";
			productReference = C9F901411DA443DC00C4D37D /* ASE Demo iOSTests.xctest */;
			productType = "com.apple.product-type.bundle.unit-test";
		};
		C9F9014B1DA443DC00C4D37D /* ASE Demo iOSUITests */ = {
			isa = PBXNativeTarget;
			buildConfigurationList = C9F9015B1DA443DC00C4D37D /* Build configuration list for PBXNativeTarget "ASE Demo iOSUITests" */;
			buildPhases = (
				C9F901481DA443DC00C4D37D /* Sources */,
				C9F901491DA443DC00C4D37D /* Frameworks */,
				C9F9014A1DA443DC00C4D37D /* Resources */,
			);
			buildRules = (
			);
			dependencies = (
				C9F9014E1DA443DC00C4D37D /* PBXTargetDependency */,
			);
			name = "ASE Demo iOSUITests";
			productName = "ASE Demo iOSUITests";
			productReference = C9F9014C1DA443DC00C4D37D /* ASE Demo iOSUITests.xctest */;
			productType = "com.apple.product-type.bundle.ui-testing";
		};
/* End PBXNativeTarget section */

/* Begin PBXProject section */
		C9F901221DA443DC00C4D37D /* Project object */ = {
			isa = PBXProject;
			attributes = {
				LastSwiftUpdateCheck = 0800;
				LastUpgradeCheck = 0800;
				ORGANIZATIONNAME = "Giganom LLC";
				TargetAttributes = {
					C9F901291DA443DC00C4D37D = {
						CreatedOnToolsVersion = 8.0;
						DevelopmentTeam = 6F9773F85D;
						ProvisioningStyle = Automatic;
					};
					C9F901401DA443DC00C4D37D = {
						CreatedOnToolsVersion = 8.0;
						DevelopmentTeam = 6F9773F85D;
						ProvisioningStyle = Automatic;
						TestTargetID = C9F901291DA443DC00C4D37D;
					};
					C9F9014B1DA443DC00C4D37D = {
						CreatedOnToolsVersion = 8.0;
						DevelopmentTeam = 6F9773F85D;
						ProvisioningStyle = Automatic;
						TestTargetID = C9F901291DA443DC00C4D37D;
					};
				};
			};
			buildConfigurationList = C9F901251DA443DC00C4D37D /* Build configuration list for PBXProject "ASE Demo iOS" */;
			compatibilityVersion = "Xcode 3.2";
			developmentRegion = English;
			hasScannedForEncodings = 0;
			knownRegions = (
				en,
				Base,
			);
			mainGroup = C9F901211DA443DC00C4D37D;
			productRefGroup = C9F9012B1DA443DC00C4D37D /* Products */;
			projectDirPath = "";
			projectRoot = "";
			targets = (
				C9F901291DA443DC00C4D37D /* ASE Demo iOS */,
				C9F901401DA443DC00C4D37D /* ASE Demo iOSTests */,
				C9F9014B1DA443DC00C4D37D /* ASE Demo iOSUITests */,
			);
		};
/* End PBXProject section */

/* Begin PBXResourcesBuildPhase section */
		C9F901281DA443DC00C4D37D /* Resources */ = {
			isa = PBXResourcesBuildPhase;
			buildActionMask = 2147483647;
			files = (
				C9F9013B1DA443DC00C4D37D /* LaunchScreen.storyboard in Resources */,
				C9F901381DA443DC00C4D37D /* Assets.xcassets in Resources */,
				C9F901331DA443DC00C4D37D /* Main.storyboard in Resources */,
			);
			runOnlyForDeploymentPostprocessing = 0;
		};
		C9F9013F1DA443DC00C4D37D /* Resources */ = {
			isa = PBXResourcesBuildPhase;
			buildActionMask = 2147483647;
			files = (
			);
			runOnlyForDeploymentPostprocessing = 0;
		};
		C9F9014A1DA443DC00C4D37D /* Resources */ = {
			isa = PBXResourcesBuildPhase;
			buildActionMask = 2147483647;
			files = (
			);
			runOnlyForDeploymentPostprocessing = 0;
		};
/* End PBXResourcesBuildPhase section */

/* Begin PBXSourcesBuildPhase section */
		C9F901261DA443DC00C4D37D /* Sources */ = {
			isa = PBXSourcesBuildPhase;
			buildActionMask = 2147483647;
			files = (
				C9F901301DA443DC00C4D37D /* ViewController.swift in Sources */,
				C9F9012E1DA443DC00C4D37D /* AppDelegate.swift in Sources */,
				C9F901361DA443DC00C4D37D /* ASE_Demo_iOS.xcdatamodeld in Sources */,
			);
			runOnlyForDeploymentPostprocessing = 0;
		};
		C9F9013D1DA443DC00C4D37D /* Sources */ = {
			isa = PBXSourcesBuildPhase;
			buildActionMask = 2147483647;
			files = (
				C9F901461DA443DC00C4D37D /* ASE_Demo_iOSTests.swift in Sources */,
			);
			runOnlyForDeploymentPostprocessing = 0;
		};
		C9F901481DA443DC00C4D37D /* Sources */ = {
			isa = PBXSourcesBuildPhase;
			buildActionMask = 2147483647;
			files = (
				C9F901511DA443DC00C4D37D /* ASE_Demo_iOSUITests.swift in Sources */,
			);
			runOnlyForDeploymentPostprocessing = 0;
		};
/* End PBXSourcesBuildPhase section */

/* Begin PBXTargetDependency section */
		C9F901431DA443DC00C4D37D /* PBXTargetDependency */ = {
			isa = PBXTargetDependency;
			target = C9F901291DA443DC00C4D37D /* ASE Demo iOS */;
			targetProxy = C9F901421DA443DC00C4D37D /* PBXContainerItemProxy */;
		};
		C9F9014E1DA443DC00C4D37D /* PBXTargetDependency */ = {
			isa = PBXTargetDependency;
			target = C9F901291DA443DC00C4D37D /* ASE Demo iOS */;
			targetProxy = C9F9014D1DA443DC00C4D37D /* PBXContainerItemProxy */;
		};
/* End PBXTargetDependency section */

/* Begin PBXVariantGroup section */
		C9F901311DA443DC00C4D37D /* Main.storyboard */ = {
			isa = PBXVariantGroup;
			children = (
				C9F901321DA443DC00C4D37D /* Base */,
			);
			name = Main.storyboard;
			sourceTree = "<group>";
		};
		C9F901391DA443DC00C4D37D /* LaunchScreen.storyboard */ = {
			isa = PBXVariantGroup;
			children = (
				C9F9013A1DA443DC00C4D37D /* Base */,
			);
			name = LaunchScreen.storyboard;
			sourceTree = "<group>";
		};
/* End PBXVariantGroup section */

/* Begin XCBuildConfiguration section */
		C9F901531DA443DC00C4D37D /* Debug */ = {
			isa = XCBuildConfiguration;
			buildSettings = {
				ALWAYS_SEARCH_USER_PATHS = NO;
				CLANG_ANALYZER_NONNULL = YES;
				CLANG_CXX_LANGUAGE_STANDARD = "gnu++0x";
				CLANG_CXX_LIBRARY = "libc++";
				CLANG_ENABLE_MODULES = YES;
				CLANG_ENABLE_OBJC_ARC = YES;
				CLANG_WARN_BOOL_CONVERSION = YES;
				CLANG_WARN_CONSTANT_CONVERSION = YES;
				CLANG_WARN_DIRECT_OBJC_ISA_USAGE = YES_ERROR;
				CLANG_WARN_DOCUMENTATION_COMMENTS = YES;
				CLANG_WARN_EMPTY_BODY = YES;
				CLANG_WARN_ENUM_CONVERSION = YES;
				CLANG_WARN_INFINITE_RECURSION = YES;
				CLANG_WARN_INT_CONVERSION = YES;
				CLANG_WARN_OBJC_ROOT_CLASS = YES_ERROR;
				CLANG_WARN_SUSPICIOUS_MOVES = YES;
				CLANG_WARN_UNREACHABLE_CODE = YES;
				CLANG_WARN__DUPLICATE_METHOD_MATCH = YES;
				"CODE_SIGN_IDENTITY[sdk=iphoneos*]" = "iPhone Developer";
				COPY_PHASE_STRIP = NO;
				DEBUG_INFORMATION_FORMAT = dwarf;
				ENABLE_STRICT_OBJC_MSGSEND = YES;
				ENABLE_TESTABILITY = YES;
				GCC_C_LANGUAGE_STANDARD = gnu99;
				GCC_DYNAMIC_NO_PIC = NO;
				GCC_NO_COMMON_BLOCKS = YES;
				GCC_OPTIMIZATION_LEVEL = 0;
				GCC_PREPROCESSOR_DEFINITIONS = (
					"DEBUG=1",
					"$(inherited)",
				);
				GCC_WARN_64_TO_32_BIT_CONVERSION = YES;
				GCC_WARN_ABOUT_RETURN_TYPE = YES_ERROR;
				GCC_WARN_UNDECLARED_SELECTOR = YES;
				GCC_WARN_UNINITIALIZED_AUTOS = YES_AGGRESSIVE;
				GCC_WARN_UNUSED_FUNCTION = YES;
				GCC_WARN_UNUSED_VARIABLE = YES;
				IPHONEOS_DEPLOYMENT_TARGET = 10.0;
				MTL_ENABLE_DEBUG_INFO = YES;
				ONLY_ACTIVE_ARCH = YES;
				SDKROOT = iphoneos;
				SWIFT_ACTIVE_COMPILATION_CONDITIONS = DEBUG;
				SWIFT_OPTIMIZATION_LEVEL = "-Onone";
			};
			name = Debug;
		};
		C9F901541DA443DC00C4D37D /* Release */ = {
			isa = XCBuildConfiguration;
			buildSettings = {
				ALWAYS_SEARCH_USER_PATHS = NO;
				CLANG_ANALYZER_NONNULL = YES;
				CLANG_CXX_LANGUAGE_STANDARD = "gnu++0x";
				CLANG_CXX_LIBRARY = "libc++";
				CLANG_ENABLE_MODULES = YES;
				CLANG_ENABLE_OBJC_ARC = YES;
				CLANG_WARN_BOOL_CONVERSION = YES;
				CLANG_WARN_CONSTANT_CONVERSION = YES;
				CLANG_WARN_DIRECT_OBJC_ISA_USAGE = YES_ERROR;
				CLANG_WARN_DOCUMENTATION_COMMENTS = YES;
				CLANG_WARN_EMPTY_BODY = YES;
				CLANG_WARN_ENUM_CONVERSION = YES;
				CLANG_WARN_INFINITE_RECURSION = YES;
				CLANG_WARN_INT_CONVERSION = YES;
				CLANG_WARN_OBJC_ROOT_CLASS = YES_ERROR;
				CLANG_WARN_SUSPICIOUS_MOVES = YES;
				CLANG_WARN_UNREACHABLE_CODE = YES;
				CLANG_WARN__DUPLICATE_METHOD_MATCH = YES;
				"CODE_SIGN_IDENTITY[sdk=iphoneos*]" = "iPhone Developer";
				COPY_PHASE_STRIP = NO;
				DEBUG_INFORMATION_FORMAT = "dwarf-with-dsym";
				ENABLE_NS_ASSERTIONS = NO;
				ENABLE_STRICT_OBJC_MSGSEND = YES;
				GCC_C_LANGUAGE_STANDARD = gnu99;
				GCC_NO_COMMON_BLOCKS = YES;
				GCC_WARN_64_TO_32_BIT_CONVERSION = YES;
				GCC_WARN_ABOUT_RETURN_TYPE = YES_ERROR;
				GCC_WARN_UNDECLARED_SELECTOR = YES;
				GCC_WARN_UNINITIALIZED_AUTOS = YES_AGGRESSIVE;
				GCC_WARN_UNUSED_FUNCTION = YES;
				GCC_WARN_UNUSED_VARIABLE = YES;
				IPHONEOS_DEPLOYMENT_TARGET = 10.0;
				MTL_ENABLE_DEBUG_INFO = NO;
				SDKROOT = iphoneos;
				SWIFT_OPTIMIZATION_LEVEL = "-Owholemodule";
				VALIDATE_PRODUCT = YES;
			};
			name = Release;
		};
		C9F901561DA443DC00C4D37D /* Debug */ = {
			isa = XCBuildConfiguration;
			buildSettings = {
				ASSETCATALOG_COMPILER_APPICON_NAME = AppIcon;
				DEVELOPMENT_TEAM = 6F9773F85D;
				FRAMEWORK_SEARCH_PATHS = (
					"$(inherited)",
					"$(PROJECT_DIR)/Carthage/Build/iOS",
				);
				INFOPLIST_FILE = "ASE Demo iOS/Info.plist";
				LD_RUNPATH_SEARCH_PATHS = "$(inherited) @executable_path/Frameworks";
				PRODUCT_BUNDLE_IDENTIFIER = "com.giganom.ASE-Demo-iOS";
				PRODUCT_NAME = "$(TARGET_NAME)";
				SWIFT_VERSION = 3.0;
			};
			name = Debug;
		};
		C9F901571DA443DC00C4D37D /* Release */ = {
			isa = XCBuildConfiguration;
			buildSettings = {
				ASSETCATALOG_COMPILER_APPICON_NAME = AppIcon;
				DEVELOPMENT_TEAM = 6F9773F85D;
				FRAMEWORK_SEARCH_PATHS = (
					"$(inherited)",
					"$(PROJECT_DIR)/Carthage/Build/iOS",
				);
				INFOPLIST_FILE = "ASE Demo iOS/Info.plist";
				LD_RUNPATH_SEARCH_PATHS = "$(inherited) @executable_path/Frameworks";
				PRODUCT_BUNDLE_IDENTIFIER = "com.giganom.ASE-Demo-iOS";
				PRODUCT_NAME = "$(TARGET_NAME)";
				SWIFT_VERSION = 3.0;
			};
			name = Release;
		};
		C9F901591DA443DC00C4D37D /* Debug */ = {
			isa = XCBuildConfiguration;
			buildSettings = {
				ALWAYS_EMBED_SWIFT_STANDARD_LIBRARIES = YES;
				BUNDLE_LOADER = "$(TEST_HOST)";
				DEVELOPMENT_TEAM = 6F9773F85D;
				INFOPLIST_FILE = "ASE Demo iOSTests/Info.plist";
				LD_RUNPATH_SEARCH_PATHS = "$(inherited) @executable_path/Frameworks @loader_path/Frameworks";
				PRODUCT_BUNDLE_IDENTIFIER = "com.giganom.ASE-Demo-iOSTests";
				PRODUCT_NAME = "$(TARGET_NAME)";
				SWIFT_VERSION = 3.0;
				TEST_HOST = "$(BUILT_PRODUCTS_DIR)/ASE Demo iOS.app/ASE Demo iOS";
			};
			name = Debug;
		};
		C9F9015A1DA443DC00C4D37D /* Release */ = {
			isa = XCBuildConfiguration;
			buildSettings = {
				ALWAYS_EMBED_SWIFT_STANDARD_LIBRARIES = YES;
				BUNDLE_LOADER = "$(TEST_HOST)";
				DEVELOPMENT_TEAM = 6F9773F85D;
				INFOPLIST_FILE = "ASE Demo iOSTests/Info.plist";
				LD_RUNPATH_SEARCH_PATHS = "$(inherited) @executable_path/Frameworks @loader_path/Frameworks";
				PRODUCT_BUNDLE_IDENTIFIER = "com.giganom.ASE-Demo-iOSTests";
				PRODUCT_NAME = "$(TARGET_NAME)";
				SWIFT_VERSION = 3.0;
				TEST_HOST = "$(BUILT_PRODUCTS_DIR)/ASE Demo iOS.app/ASE Demo iOS";
			};
			name = Release;
		};
		C9F9015C1DA443DC00C4D37D /* Debug */ = {
			isa = XCBuildConfiguration;
			buildSettings = {
				ALWAYS_EMBED_SWIFT_STANDARD_LIBRARIES = YES;
				DEVELOPMENT_TEAM = 6F9773F85D;
				INFOPLIST_FILE = "ASE Demo iOSUITests/Info.plist";
				LD_RUNPATH_SEARCH_PATHS = "$(inherited) @executable_path/Frameworks @loader_path/Frameworks";
				PRODUCT_BUNDLE_IDENTIFIER = "com.giganom.ASE-Demo-iOSUITests";
				PRODUCT_NAME = "$(TARGET_NAME)";
				SWIFT_VERSION = 3.0;
				TEST_TARGET_NAME = "ASE Demo iOS";
			};
			name = Debug;
		};
		C9F9015D1DA443DC00C4D37D /* Release */ = {
			isa = XCBuildConfiguration;
			buildSettings = {
				ALWAYS_EMBED_SWIFT_STANDARD_LIBRARIES = YES;
				DEVELOPMENT_TEAM = 6F9773F85D;
				INFOPLIST_FILE = "ASE Demo iOSUITests/Info.plist";
				LD_RUNPATH_SEARCH_PATHS = "$(inherited) @executable_path/Frameworks @loader_path/Frameworks";
				PRODUCT_BUNDLE_IDENTIFIER = "com.giganom.ASE-Demo-iOSUITests";
				PRODUCT_NAME = "$(TARGET_NAME)";
				SWIFT_VERSION = 3.0;
				TEST_TARGET_NAME = "ASE Demo iOS";
			};
			name = Release;
		};
/* End XCBuildConfiguration section */

/* Begin XCConfigurationList section */
		C9F901251DA443DC00C4D37D /* Build configuration list for PBXProject "ASE Demo iOS" */ = {
			isa = XCConfigurationList;
			buildConfigurations = (
				C9F901531DA443DC00C4D37D /* Debug */,
				C9F901541DA443DC00C4D37D /* Release */,
			);
			defaultConfigurationIsVisible = 0;
			defaultConfigurationName = Release;
		};
		C9F901551DA443DC00C4D37D /* Build configuration list for PBXNativeTarget "ASE Demo iOS" */ = {
			isa = XCConfigurationList;
			buildConfigurations = (
				C9F901561DA443DC00C4D37D /* Debug */,
				C9F901571DA443DC00C4D37D /* Release */,
			);
			defaultConfigurationIsVisible = 0;
			defaultConfigurationName = Release;
		};
		C9F901581DA443DC00C4D37D /* Build configuration list for PBXNativeTarget "ASE Demo iOSTests" */ = {
			isa = XCConfigurationList;
			buildConfigurations = (
				C9F901591DA443DC00C4D37D /* Debug */,
				C9F9015A1DA443DC00C4D37D /* Release */,
			);
			defaultConfigurationIsVisible = 0;
			defaultConfigurationName = Release;
		};
		C9F9015B1DA443DC00C4D37D /* Build configuration list for PBXNativeTarget "ASE Demo iOSUITests" */ = {
			isa = XCConfigurationList;
			buildConfigurations = (
				C9F9015C1DA443DC00C4D37D /* Debug */,
				C9F9015D1DA443DC00C4D37D /* Release */,
			);
			defaultConfigurationIsVisible = 0;
			defaultConfigurationName = Release;
		};
/* End XCConfigurationList section */

/* Begin XCVersionGroup section */
		C9F901341DA443DC00C4D37D /* ASE_Demo_iOS.xcdatamodeld */ = {
			isa = XCVersionGroup;
			children = (
				C9F901351DA443DC00C4D37D /* ASE_Demo_iOS.xcdatamodel */,
			);
			currentVersion = C9F901351DA443DC00C4D37D /* ASE_Demo_iOS.xcdatamodel */;
			path = ASE_Demo_iOS.xcdatamodeld;
			sourceTree = "<group>";
			versionGroupType = wrapper.xcdatamodel;
		};
/* End XCVersionGroup section */
	};
	rootObject = C9F901221DA443DC00C4D37D /* Project object */;
}
